
Microsoft Visual Studio Solution File, Format Version 11.00
# Visual Studio 2010
Project("{FAE04EC0-301F-11D3-BF4B-00C04F79EFBC}") = "CourseManagement.EmailProcessing", "CourseManagement.EmailProcessing\CourseManagement.EmailProcessing.csproj", "{0833B8AB-D6EE-49AF-B9D5-CD85BA15202B}"
EndProject
Project("{2150E333-8FDC-42A3-9474-1A3956D46DE8}") = ".nuget", ".nuget", "{95B87AD1-AF72-4509-AA7D-EDB1560E2D8C}"
	ProjectSection(SolutionItems) = preProject
		.nuget\NuGet.Config = .nuget\NuGet.Config
		.nuget\NuGet.exe = .nuget\NuGet.exe
		.nuget\NuGet.targets = .nuget\NuGet.targets
	EndProjectSection
EndProject
Project("{FAE04EC0-301F-11D3-BF4B-00C04F79EFBC}") = "CourseManagement.EmailProcessing.Tests", "CourseManagement.EmailProcessing.Tests\CourseManagement.EmailProcessing.Tests.csproj", "{2B2CCF75-4313-4542-985B-44B8106DE6A2}"
EndProject
Project("{2150E333-8FDC-42A3-9474-1A3956D46DE8}") = "Solution Items", "Solution Items", "{7D90D7E6-5443-4562-A2A3-1A1FF2A38DD7}"
	ProjectSection(SolutionItems) = preProject
		CourseManagement.vsmdi = CourseManagement.vsmdi
		Local.testsettings = Local.testsettings
		TraceAndTestImpact.testsettings = TraceAndTestImpact.testsettings
	EndProjectSection
EndProject
Project("{FAE04EC0-301F-11D3-BF4B-00C04F79EFBC}") = "CourseManagement.Console", "CourseManagement.Console\CourseManagement.Console.csproj", "{F32513B5-DCE5-46ED-A512-57527CECA731}"
EndProject
Project("{FAE04EC0-301F-11D3-BF4B-00C04F79EFBC}") = "CourseManagement.Utilities", "CourseManagement.Utilities\CourseManagement.Utilities.csproj", "{527DC86D-2D4E-467C-95B1-8CDEB99345D0}"
EndProject
Project("{FAE04EC0-301F-11D3-BF4B-00C04F79EFBC}") = "CourseManagement.Utilities.Tests", "CourseManagement.Utilities.Tests\CourseManagement.Utilities.Tests.csproj", "{E14C73D1-0B5A-4753-AA35-2443AE275262}"
EndProject
Project("{FAE04EC0-301F-11D3-BF4B-00C04F79EFBC}") = "CourseManagement.Entities", "CourseManagement.Entities\CourseManagement.Entities.csproj", "{499A1AB2-9498-4C75-B278-89113F43B69F}"
EndProject
Project("{FAE04EC0-301F-11D3-BF4B-00C04F79EFBC}") = "CourseManagement.Persistence", "CourseManagement.Persistence\CourseManagement.Persistence.csproj", "{5D94790D-C723-4A0A-B99E-EE2554D8B437}"
EndProject
Project("{FAE04EC0-301F-11D3-BF4B-00C04F79EFBC}") = "CourseManagement.Persistence.Tests", "CourseManagement.Persistence.Tests\CourseManagement.Persistence.Tests.csproj", "{8C7400AC-A880-461A-A11F-0D2632F4FBDA}"
EndProject
Global
	GlobalSection(TestCaseManagementSettings) = postSolution
		CategoryFile = CourseManagement.vsmdi
	EndGlobalSection
	GlobalSection(SolutionConfigurationPlatforms) = preSolution
		Debug|Any CPU = Debug|Any CPU
		Debug|Mixed Platforms = Debug|Mixed Platforms
		Debug|x86 = Debug|x86
		Release|Any CPU = Release|Any CPU
		Release|Mixed Platforms = Release|Mixed Platforms
		Release|x86 = Release|x86
	EndGlobalSection
	GlobalSection(ProjectConfigurationPlatforms) = postSolution
		{0833B8AB-D6EE-49AF-B9D5-CD85BA15202B}.Debug|Any CPU.ActiveCfg = Debug|Any CPU
		{0833B8AB-D6EE-49AF-B9D5-CD85BA15202B}.Debug|Any CPU.Build.0 = Debug|Any CPU
		{0833B8AB-D6EE-49AF-B9D5-CD85BA15202B}.Debug|Mixed Platforms.ActiveCfg = Debug|Any CPU
		{0833B8AB-D6EE-49AF-B9D5-CD85BA15202B}.Debug|Mixed Platforms.Build.0 = Debug|Any CPU
		{0833B8AB-D6EE-49AF-B9D5-CD85BA15202B}.Debug|x86.ActiveCfg = Debug|Any CPU
		{0833B8AB-D6EE-49AF-B9D5-CD85BA15202B}.Release|Any CPU.ActiveCfg = Release|Any CPU
		{0833B8AB-D6EE-49AF-B9D5-CD85BA15202B}.Release|Any CPU.Build.0 = Release|Any CPU
		{0833B8AB-D6EE-49AF-B9D5-CD85BA15202B}.Release|Mixed Platforms.ActiveCfg = Release|Any CPU
		{0833B8AB-D6EE-49AF-B9D5-CD85BA15202B}.Release|Mixed Platforms.Build.0 = Release|Any CPU
		{0833B8AB-D6EE-49AF-B9D5-CD85BA15202B}.Release|x86.ActiveCfg = Release|Any CPU
		{2B2CCF75-4313-4542-985B-44B8106DE6A2}.Debug|Any CPU.ActiveCfg = Debug|Any CPU
		{2B2CCF75-4313-4542-985B-44B8106DE6A2}.Debug|Any CPU.Build.0 = Debug|Any CPU
		{2B2CCF75-4313-4542-985B-44B8106DE6A2}.Debug|Mixed Platforms.ActiveCfg = Debug|Any CPU
		{2B2CCF75-4313-4542-985B-44B8106DE6A2}.Debug|Mixed Platforms.Build.0 = Debug|Any CPU
		{2B2CCF75-4313-4542-985B-44B8106DE6A2}.Debug|x86.ActiveCfg = Debug|Any CPU
		{2B2CCF75-4313-4542-985B-44B8106DE6A2}.Release|Any CPU.ActiveCfg = Release|Any CPU
		{2B2CCF75-4313-4542-985B-44B8106DE6A2}.Release|Any CPU.Build.0 = Release|Any CPU
		{2B2CCF75-4313-4542-985B-44B8106DE6A2}.Release|Mixed Platforms.ActiveCfg = Release|Any CPU
		{2B2CCF75-4313-4542-985B-44B8106DE6A2}.Release|Mixed Platforms.Build.0 = Release|Any CPU
		{2B2CCF75-4313-4542-985B-44B8106DE6A2}.Release|x86.ActiveCfg = Release|Any CPU
		{F32513B5-DCE5-46ED-A512-57527CECA731}.Debug|Any CPU.ActiveCfg = Debug|x86
		{F32513B5-DCE5-46ED-A512-57527CECA731}.Debug|Mixed Platforms.ActiveCfg = Debug|x86
		{F32513B5-DCE5-46ED-A512-57527CECA731}.Debug|Mixed Platforms.Build.0 = Debug|x86
		{F32513B5-DCE5-46ED-A512-57527CECA731}.Debug|x86.ActiveCfg = Debug|x86
		{F32513B5-DCE5-46ED-A512-57527CECA731}.Debug|x86.Build.0 = Debug|x86
		{F32513B5-DCE5-46ED-A512-57527CECA731}.Release|Any CPU.ActiveCfg = Release|x86
		{F32513B5-DCE5-46ED-A512-57527CECA731}.Release|Mixed Platforms.ActiveCfg = Release|x86
		{F32513B5-DCE5-46ED-A512-57527CECA731}.Release|Mixed Platforms.Build.0 = Release|x86
		{F32513B5-DCE5-46ED-A512-57527CECA731}.Release|x86.ActiveCfg = Release|x86
		{F32513B5-DCE5-46ED-A512-57527CECA731}.Release|x86.Build.0 = Release|x86
		{527DC86D-2D4E-467C-95B1-8CDEB99345D0}.Debug|Any CPU.ActiveCfg = Debug|Any CPU
		{527DC86D-2D4E-467C-95B1-8CDEB99345D0}.Debug|Any CPU.Build.0 = Debug|Any CPU
		{527DC86D-2D4E-467C-95B1-8CDEB99345D0}.Debug|Mixed Platforms.ActiveCfg = Debug|Any CPU
		{527DC86D-2D4E-467C-95B1-8CDEB99345D0}.Debug|Mixed Platforms.Build.0 = Debug|Any CPU
		{527DC86D-2D4E-467C-95B1-8CDEB99345D0}.Debug|x86.ActiveCfg = Debug|Any CPU
		{527DC86D-2D4E-467C-95B1-8CDEB99345D0}.Release|Any CPU.ActiveCfg = Release|Any CPU
		{527DC86D-2D4E-467C-95B1-8CDEB99345D0}.Release|Any CPU.Build.0 = Release|Any CPU
		{527DC86D-2D4E-467C-95B1-8CDEB99345D0}.Release|Mixed Platforms.ActiveCfg = Release|Any CPU
		{527DC86D-2D4E-467C-95B1-8CDEB99345D0}.Release|Mixed Platforms.Build.0 = Release|Any CPU
		{527DC86D-2D4E-467C-95B1-8CDEB99345D0}.Release|x86.ActiveCfg = Release|Any CPU
		{E14C73D1-0B5A-4753-AA35-2443AE275262}.Debug|Any CPU.ActiveCfg = Debug|Any CPU
		{E14C73D1-0B5A-4753-AA35-2443AE275262}.Debug|Any CPU.Build.0 = Debug|Any CPU
		{E14C73D1-0B5A-4753-AA35-2443AE275262}.Debug|Mixed Platforms.ActiveCfg = Debug|Any CPU
		{E14C73D1-0B5A-4753-AA35-2443AE275262}.Debug|Mixed Platforms.Build.0 = Debug|Any CPU
		{E14C73D1-0B5A-4753-AA35-2443AE275262}.Debug|x86.ActiveCfg = Debug|Any CPU
		{E14C73D1-0B5A-4753-AA35-2443AE275262}.Release|Any CPU.ActiveCfg = Release|Any CPU
		{E14C73D1-0B5A-4753-AA35-2443AE275262}.Release|Any CPU.Build.0 = Release|Any CPU
		{E14C73D1-0B5A-4753-AA35-2443AE275262}.Release|Mixed Platforms.ActiveCfg = Release|Any CPU
		{E14C73D1-0B5A-4753-AA35-2443AE275262}.Release|Mixed Platforms.Build.0 = Release|Any CPU
		{E14C73D1-0B5A-4753-AA35-2443AE275262}.Release|x86.ActiveCfg = Release|Any CPU
		{499A1AB2-9498-4C75-B278-89113F43B69F}.Debug|Any CPU.ActiveCfg = Debug|Any CPU
		{499A1AB2-9498-4C75-B278-89113F43B69F}.Debug|Any CPU.Build.0 = Debug|Any CPU
		{499A1AB2-9498-4C75-B278-89113F43B69F}.Debug|Mixed Platforms.ActiveCfg = Debug|Any CPU
		{499A1AB2-9498-4C75-B278-89113F43B69F}.Debug|Mixed Platforms.Build.0 = Debug|Any CPU
		{499A1AB2-9498-4C75-B278-89113F43B69F}.Debug|x86.ActiveCfg = Debug|Any CPU
		{499A1AB2-9498-4C75-B278-89113F43B69F}.Release|Any CPU.ActiveCfg = Release|Any CPU
		{499A1AB2-9498-4C75-B278-89113F43B69F}.Release|Any CPU.Build.0 = Release|Any CPU
		{499A1AB2-9498-4C75-B278-89113F43B69F}.Release|Mixed Platforms.ActiveCfg = Release|Any CPU
		{499A1AB2-9498-4C75-B278-89113F43B69F}.Release|Mixed Platforms.Build.0 = Release|Any CPU
		{499A1AB2-9498-4C75-B278-89113F43B69F}.Release|x86.ActiveCfg = Release|Any CPU
		{5D94790D-C723-4A0A-B99E-EE2554D8B437}.Debug|Any CPU.ActiveCfg = Debug|Any CPU
		{5D94790D-C723-4A0A-B99E-EE2554D8B437}.Debug|Any CPU.Build.0 = Debug|Any CPU
		{5D94790D-C723-4A0A-B99E-EE2554D8B437}.Debug|Mixed Platforms.ActiveCfg = Debug|Any CPU
		{5D94790D-C723-4A0A-B99E-EE2554D8B437}.Debug|Mixed Platforms.Build.0 = Debug|Any CPU
		{5D94790D-C723-4A0A-B99E-EE2554D8B437}.Debug|x86.ActiveCfg = Debug|Any CPU
		{5D94790D-C723-4A0A-B99E-EE2554D8B437}.Release|Any CPU.ActiveCfg = Release|Any CPU
		{5D94790D-C723-4A0A-B99E-EE2554D8B437}.Release|Any CPU.Build.0 = Release|Any CPU
		{5D94790D-C723-4A0A-B99E-EE2554D8B437}.Release|Mixed Platforms.ActiveCfg = Release|Any CPU
		{5D94790D-C723-4A0A-B99E-EE2554D8B437}.Release|Mixed Platforms.Build.0 = Release|Any CPU
		{5D94790D-C723-4A0A-B99E-EE2554D8B437}.Release|x86.ActiveCfg = Release|Any CPU
		{8C7400AC-A880-461A-A11F-0D2632F4FBDA}.Debug|Any CPU.ActiveCfg = Debug|Any CPU
		{8C7400AC-A880-461A-A11F-0D2632F4FBDA}.Debug|Any CPU.Build.0 = Debug|Any CPU
		{8C7400AC-A880-461A-A11F-0D2632F4FBDA}.Debug|Mixed Platforms.ActiveCfg = Debug|Any CPU
		{8C7400AC-A880-461A-A11F-0D2632F4FBDA}.Debug|Mixed Platforms.Build.0 = Debug|Any CPU
		{8C7400AC-A880-461A-A11F-0D2632F4FBDA}.Debug|x86.ActiveCfg = Debug|Any CPU
		{8C7400AC-A880-461A-A11F-0D2632F4FBDA}.Release|Any CPU.ActiveCfg = Release|Any CPU
		{8C7400AC-A880-461A-A11F-0D2632F4FBDA}.Release|Any CPU.Build.0 = Release|Any CPU
		{8C7400AC-A880-461A-A11F-0D2632F4FBDA}.Release|Mixed Platforms.ActiveCfg = Release|Any CPU
		{8C7400AC-A880-461A-A11F-0D2632F4FBDA}.Release|Mixed Platforms.Build.0 = Release|Any CPU
		{8C7400AC-A880-461A-A11F-0D2632F4FBDA}.Release|x86.ActiveCfg = Release|Any CPU
	EndGlobalSection
	GlobalSection(SolutionProperties) = preSolution
		HideSolutionNode = FALSE
	EndGlobalSection
	GlobalSection(ExtensibilityGlobals) = postSolution
		EnterpriseLibraryConfigurationToolBinariesPath = packages\Unity.2.1.505.2\lib\NET35
	EndGlobalSection
EndGlobal
